// !$*UTF8*$!
{
	archiveVersion = 1;
	classes = {
	};
	objectVersion = 46;
	objects = {

/* Begin PBXBuildFile section */
		A126B9361E6DC31F0056F6A4 /* AppDelegate.swift in Sources */ = {isa = PBXBuildFile; fileRef = A126B9351E6DC31F0056F6A4 /* AppDelegate.swift */; };
		A126B9381E6DC31F0056F6A4 /* ViewController.swift in Sources */ = {isa = PBXBuildFile; fileRef = A126B9371E6DC31F0056F6A4 /* ViewController.swift */; };
		A126B93B1E6DC31F0056F6A4 /* Main.storyboard in Resources */ = {isa = PBXBuildFile; fileRef = A126B9391E6DC31F0056F6A4 /* Main.storyboard */; };
		A126B93D1E6DC31F0056F6A4 /* Assets.xcassets in Resources */ = {isa = PBXBuildFile; fileRef = A126B93C1E6DC31F0056F6A4 /* Assets.xcassets */; };
		A126B9401E6DC31F0056F6A4 /* LaunchScreen.storyboard in Resources */ = {isa = PBXBuildFile; fileRef = A126B93E1E6DC31F0056F6A4 /* LaunchScreen.storyboard */; };
/* End PBXBuildFile section */

/* Begin PBXFileReference section */
		A126B9321E6DC31F0056F6A4 /* ParseInstagramCP.app */ = {isa = PBXFileReference; explicitFileType = wrapper.application; includeInIndex = 0; path = ParseInstagramCP.app; sourceTree = BUILT_PRODUCTS_DIR; };
		A126B9351E6DC31F0056F6A4 /* AppDelegate.swift */ = {isa = PBXFileReference; lastKnownFileType = sourcecode.swift; path = AppDelegate.swift; sourceTree = "<group>"; };
		A126B9371E6DC31F0056F6A4 /* ViewController.swift */ = {isa = PBXFileReference; lastKnownFileType = sourcecode.swift; path = ViewController.swift; sourceTree = "<group>"; };
		A126B93A1E6DC31F0056F6A4 /* Base */ = {isa = PBXFileReference; lastKnownFileType = file.storyboard; name = Base; path = Base.lproj/Main.storyboard; sourceTree = "<group>"; };
		A126B93C1E6DC31F0056F6A4 /* Assets.xcassets */ = {isa = PBXFileReference; lastKnownFileType = folder.assetcatalog; path = Assets.xcassets; sourceTree = "<group>"; };
		A126B93F1E6DC31F0056F6A4 /* Base */ = {isa = PBXFileReference; lastKnownFileType = file.storyboard; name = Base; path = Base.lproj/LaunchScreen.storyboard; sourceTree = "<group>"; };
		A126B9411E6DC31F0056F6A4 /* Info.plist */ = {isa = PBXFileReference; lastKnownFileType = text.plist.xml; path = Info.plist; sourceTree = "<group>"; };
/* End PBXFileReference section */

/* Begin PBXFrameworksBuildPhase section */
		A126B92F1E6DC31F0056F6A4 /* Frameworks */ = {
			isa = PBXFrameworksBuildPhase;
			buildActionMask = 2147483647;
			files = (
			);
			runOnlyForDeploymentPostprocessing = 0;
		};
/* End PBXFrameworksBuildPhase section */

/* Begin PBXGroup section */
		A126B9291E6DC31F0056F6A4 = {
			isa = PBXGroup;
			children = (
				A126B9341E6DC31F0056F6A4 /* ParseInstagramCP */,
				A126B9331E6DC31F0056F6A4 /* Products */,
			);
			sourceTree = "<group>";
		};
		A126B9331E6DC31F0056F6A4 /* Products */ = {
			isa = PBXGroup;
			children = (
				A126B9321E6DC31F0056F6A4 /* ParseInstagramCP.app */,
			);
			name = Products;
			sourceTree = "<group>";
		};
		A126B9341E6DC31F0056F6A4 /* ParseInstagramCP */ = {
			isa = PBXGroup;
			children = (
				A126B9351E6DC31F0056F6A4 /* AppDelegate.swift */,
				A126B9371E6DC31F0056F6A4 /* ViewController.swift */,
				A126B9391E6DC31F0056F6A4 /* Main.storyboard */,
				A126B93C1E6DC31F0056F6A4 /* Assets.xcassets */,
				A126B93E1E6DC31F0056F6A4 /* LaunchScreen.storyboard */,
				A126B9411E6DC31F0056F6A4 /* Info.plist */,
			);
			path = ParseInstagramCP;
			sourceTree = "<group>";
		};
/* End PBXGroup section */

/* Begin PBXNativeTarget section */
		A126B9311E6DC31F0056F6A4 /* ParseInstagramCP */ = {
			isa = PBXNativeTarget;
			buildConfigurationList = A126B9441E6DC31F0056F6A4 /* Build configuration list for PBXNativeTarget "ParseInstagramCP" */;
			buildPhases = (
				A126B92E1E6DC31F0056F6A4 /* Sources */,
				A126B92F1E6DC31F0056F6A4 /* Frameworks */,
				A126B9301E6DC31F0056F6A4 /* Resources */,
			);
			buildRules = (
			);
			dependencies = (
			);
			name = ParseInstagramCP;
			productName = ParseInstagramCP;
			productReference = A126B9321E6DC31F0056F6A4 /* ParseInstagramCP.app */;
			productType = "com.apple.product-type.application";
		};
/* End PBXNativeTarget section */

/* Begin PBXProject section */
		A126B92A1E6DC31F0056F6A4 /* Project object */ = {
			isa = PBXProject;
			attributes = {
				LastSwiftUpdateCheck = 0820;
				LastUpgradeCheck = 0820;
				ORGANIZATIONNAME = "Eric Suarez";
				TargetAttributes = {
					A126B9311E6DC31F0056F6A4 = {
						CreatedOnToolsVersion = 8.2.1;
						DevelopmentTeam = TRQ9HDB883;
						ProvisioningStyle = Automatic;
					};
				};
			};
			buildConfigurationList = A126B92D1E6DC31F0056F6A4 /* Build configuration list for PBXProject "ParseInstagramCP" */;
			compatibilityVersion = "Xcode 3.2";
			developmentRegion = English;
			hasScannedForEncodings = 0;
			knownRegions = (
				en,
				Base,
			);
			mainGroup = A126B9291E6DC31F0056F6A4;
			productRefGroup = A126B9331E6DC31F0056F6A4 /* Products */;
			projectDirPath = "";
			projectRoot = "";
			targets = (
				A126B9311E6DC31F0056F6A4 /* ParseInstagramCP */,
			);
		};
/* End PBXProject section */

/* Begin PBXResourcesBuildPhase section */
		A126B9301E6DC31F0056F6A4 /* Resources */ = {
			isa = PBXResourcesBuildPhase;
			buildActionMask = 2147483647;
			files = (
				A126B9401E6DC31F0056F6A4 /* LaunchScreen.storyboard in Resources */,
				A126B93D1E6DC31F0056F6A4 /* Assets.xcassets in Resources */,
				A126B93B1E6DC31F0056F6A4 /* Main.storyboard in Resources */,
			);
			runOnlyForDeploymentPostprocessing = 0;
		};
/* End PBXResourcesBuildPhase section */

/* Begin PBXSourcesBuildPhase section */
		A126B92E1E6DC31F0056F6A4 /* Sources */ = {
			isa = PBXSourcesBuildPhase;
			buildActionMask = 2147483647;
			files = (
				A126B9381E6DC31F0056F6A4 /* ViewController.swift in Sources */,
				A126B9361E6DC31F0056F6A4 /* AppDelegate.swift in Sources */,
			);
			runOnlyForDeploymentPostprocessing = 0;
		};
/* End PBXSourcesBuildPhase section */

/* Begin PBXVariantGroup section */
		A126B9391E6DC31F0056F6A4 /* Main.storyboard */ = {
			isa = PBXVariantGroup;
			children = (
				A126B93A1E6DC31F0056F6A4 /* Base */,
			);
			name = Main.storyboard;
			sourceTree = "<group>";
		};
		A126B93E1E6DC31F0056F6A4 /* LaunchScreen.storyboard */ = {
			isa = PBXVariantGroup;
			children = (
				A126B93F1E6DC31F0056F6A4 /* Base */,
			);
			name = LaunchScreen.storyboard;
			sourceTree = "<group>";
		};
/* End PBXVariantGroup section */

/* Begin XCBuildConfiguration section */
		A126B9421E6DC31F0056F6A4 /* Debug */ = {
			isa = XCBuildConfiguration;
			buildSettings = {
				ALWAYS_SEARCH_USER_PATHS = NO;
				CLANG_ANALYZER_NONNULL = YES;
				CLANG_CXX_LANGUAGE_STANDARD = "gnu++0x";
				CLANG_CXX_LIBRARY = "libc++";
				CLANG_ENABLE_MODULES = YES;
				CLANG_ENABLE_OBJC_ARC = YES;
				CLANG_WARN_BOOL_CONVERSION = YES;
				CLANG_WARN_CONSTANT_CONVERSION = YES;
				CLANG_WARN_DIRECT_OBJC_ISA_USAGE = YES_ERROR;
				CLANG_WARN_DOCUMENTATION_COMMENTS = YES;
				CLANG_WARN_EMPTY_BODY = YES;
				CLANG_WARN_ENUM_CONVERSION = YES;
				CLANG_WARN_INFINITE_RECURSION = YES;
				CLANG_WARN_INT_CONVERSION = YES;
				CLANG_WARN_OBJC_ROOT_CLASS = YES_ERROR;
				CLANG_WARN_SUSPICIOUS_MOVE = YES;
				CLANG_WARN_UNREACHABLE_CODE = YES;
				CLANG_WARN__DUPLICATE_METHOD_MATCH = YES;
				"CODE_SIGN_IDENTITY[sdk=iphoneos*]" = "iPhone Developer";
				COPY_PHASE_STRIP = NO;
				DEBUG_INFORMATION_FORMAT = dwarf;
				ENABLE_STRICT_OBJC_MSGSEND = YES;
				ENABLE_TESTABILITY = YES;
				GCC_C_LANGUAGE_STANDARD = gnu99;
				GCC_DYNAMIC_NO_PIC = NO;
				GCC_NO_COMMON_BLOCKS = YES;
				GCC_OPTIMIZATION_LEVEL = 0;
				GCC_PREPROCESSOR_DEFINITIONS = (
					"DEBUG=1",
					"$(inherited)",
				);
				GCC_WARN_64_TO_32_BIT_CONVERSION = YES;
				GCC_WARN_ABOUT_RETURN_TYPE = YES_ERROR;
				GCC_WARN_UNDECLARED_SELECTOR = YES;
				GCC_WARN_UNINITIALIZED_AUTOS = YES_AGGRESSIVE;
				GCC_WARN_UNUSED_FUNCTION = YES;
				GCC_WARN_UNUSED_VARIABLE = YES;
				IPHONEOS_DEPLOYMENT_TARGET = 10.2;
				MTL_ENABLE_DEBUG_INFO = YES;
				ONLY_ACTIVE_ARCH = YES;
				SDKROOT = iphoneos;
				SWIFT_ACTIVE_COMPILATION_CONDITIONS = DEBUG;
				SWIFT_OPTIMIZATION_LEVEL = "-Onone";
			};
			name = Debug;
		};
		A126B9431E6DC31F0056F6A4 /* Release */ = {
			isa = XCBuildConfiguration;
			buildSettings = {
				ALWAYS_SEARCH_USER_PATHS = NO;
				CLANG_ANALYZER_NONNULL = YES;
				CLANG_CXX_LANGUAGE_STANDARD = "gnu++0x";
				CLANG_CXX_LIBRARY = "libc++";
				CLANG_ENABLE_MODULES = YES;
				CLANG_ENABLE_OBJC_ARC = YES;
				CLANG_WARN_BOOL_CONVERSION = YES;
				CLANG_WARN_CONSTANT_CONVERSION = YES;
				CLANG_WARN_DIRECT_OBJC_ISA_USAGE = YES_ERROR;
				CLANG_WARN_DOCUMENTATION_COMMENTS = YES;
				CLANG_WARN_EMPTY_BODY = YES;
				CLANG_WARN_ENUM_CONVERSION = YES;
				CLANG_WARN_INFINITE_RECURSION = YES;
				CLANG_WARN_INT_CONVERSION = YES;
				CLANG_WARN_OBJC_ROOT_CLASS = YES_ERROR;
				CLANG_WARN_SUSPICIOUS_MOVE = YES;
				CLANG_WARN_UNREACHABLE_CODE = YES;
				CLANG_WARN__DUPLICATE_METHOD_MATCH = YES;
				"CODE_SIGN_IDENTITY[sdk=iphoneos*]" = "iPhone Developer";
				COPY_PHASE_STRIP = NO;
				DEBUG_INFORMATION_FORMAT = "dwarf-with-dsym";
				ENABLE_NS_ASSERTIONS = NO;
				ENABLE_STRICT_OBJC_MSGSEND = YES;
				GCC_C_LANGUAGE_STANDARD = gnu99;
				GCC_NO_COMMON_BLOCKS = YES;
				GCC_WARN_64_TO_32_BIT_CONVERSION = YES;
				GCC_WARN_ABOUT_RETURN_TYPE = YES_ERROR;
				GCC_WARN_UNDECLARED_SELECTOR = YES;
				GCC_WARN_UNINITIALIZED_AUTOS = YES_AGGRESSIVE;
				GCC_WARN_UNUSED_FUNCTION = YES;
				GCC_WARN_UNUSED_VARIABLE = YES;
				IPHONEOS_DEPLOYMENT_TARGET = 10.2;
				MTL_ENABLE_DEBUG_INFO = NO;
				SDKROOT = iphoneos;
				SWIFT_OPTIMIZATION_LEVEL = "-Owholemodule";
				VALIDATE_PRODUCT = YES;
			};
			name = Release;
		};
		A126B9451E6DC31F0056F6A4 /* Debug */ = {
			isa = XCBuildConfiguration;
			buildSettings = {
				ASSETCATALOG_COMPILER_APPICON_NAME = AppIcon;
				DEVELOPMENT_TEAM = TRQ9HDB883;
				INFOPLIST_FILE = ParseInstagramCP/Info.plist;
				LD_RUNPATH_SEARCH_PATHS = "$(inherited) @executable_path/Frameworks";
				PRODUCT_BUNDLE_IDENTIFIER = com.eric.ParseInstagramCP;
				PRODUCT_NAME = "$(TARGET_NAME)";
				SWIFT_VERSION = 3.0;
			};
			name = Debug;
		};
		A126B9461E6DC31F0056F6A4 /* Release */ = {
			isa = XCBuildConfiguration;
			buildSettings = {
				ASSETCATALOG_COMPILER_APPICON_NAME = AppIcon;
				DEVELOPMENT_TEAM = TRQ9HDB883;
				INFOPLIST_FILE = ParseInstagramCP/Info.plist;
				LD_RUNPATH_SEARCH_PATHS = "$(inherited) @executable_path/Frameworks";
				PRODUCT_BUNDLE_IDENTIFIER = com.eric.ParseInstagramCP;
				PRODUCT_NAME = "$(TARGET_NAME)";
				SWIFT_VERSION = 3.0;
			};
			name = Release;
		};
/* End XCBuildConfiguration section */

/* Begin XCConfigurationList section */
		A126B92D1E6DC31F0056F6A4 /* Build configuration list for PBXProject "ParseInstagramCP" */ = {
			isa = XCConfigurationList;
			buildConfigurations = (
				A126B9421E6DC31F0056F6A4 /* Debug */,
				A126B9431E6DC31F0056F6A4 /* Release */,
			);
			defaultConfigurationIsVisible = 0;
			defaultConfigurationName = Release;
		};
		A126B9441E6DC31F0056F6A4 /* Build configuration list for PBXNativeTarget "ParseInstagramCP" */ = {
			isa = XCConfigurationList;
			buildConfigurations = (
				A126B9451E6DC31F0056F6A4 /* Debug */,
				A126B9461E6DC31F0056F6A4 /* Release */,
			);
			defaultConfigurationIsVisible = 0;
		};
/* End XCConfigurationList section */
	};
	rootObject = A126B92A1E6DC31F0056F6A4 /* Project object */;
}
